
Microsoft Visual Studio Solution File, Format Version 12.00
# Visual Studio Version 16
VisualStudioVersion = 16.0.31129.286
MinimumVisualStudioVersion = 10.0.40219.1
Project("{FAE04EC0-301F-11D3-BF4B-00C04F79EFBC}") = "DNCMVCwithAngular Wireframe", "DNCMVCwithAngular Wireframe.csproj", "{3E69084C-F23A-4D6F-B9FB-316249076F88}"
EndProject
Global
	GlobalSection(SolutionConfigurationPlatforms) = preSolution
		Debug|Any CPU = Debug|Any CPU
		Release|Any CPU = Release|Any CPU
	EndGlobalSection
	GlobalSection(ProjectConfigurationPlatforms) = postSolution
		{3E69084C-F23A-4D6F-B9FB-316249076F88}.Debug|Any CPU.ActiveCfg = Debug|Any CPU
		{3E69084C-F23A-4D6F-B9FB-316249076F88}.Debug|Any CPU.Build.0 = Debug|Any CPU
		{3E69084C-F23A-4D6F-B9FB-316249076F88}.Release|Any CPU.ActiveCfg = Release|Any CPU
		{3E69084C-F23A-4D6F-B9FB-316249076F88}.Release|Any CPU.Build.0 = Release|Any CPU
	EndGlobalSection
	GlobalSection(SolutionProperties) = preSolution
		HideSolutionNode = FALSE
	EndGlobalSection
	GlobalSection(ExtensibilityGlobals) = postSolution
		SolutionGuid = {86B5A772-C906-49CB-95E4-2E1D9F49019A}
	EndGlobalSection
EndGlobal
